
Microsoft Visual Studio Solution File, Format Version 12.00
# Visual Studio Version 17
VisualStudioVersion = 17.14.36109.1
MinimumVisualStudioVersion = 10.0.40219.1
Project("{2150E333-8FDC-42A3-9474-1A3956D46DE8}") = "Bootstrapper", "Bootstrapper", "{02EA681E-C7D8-13C7-8484-4AC65E1B71E8}"
EndProject
Project("{2150E333-8FDC-42A3-9474-1A3956D46DE8}") = "Modules", "Modules", "{2FD50240-4A46-465C-BE78-5B2409CAE8D9}"
EndProject
Project("{2150E333-8FDC-42A3-9474-1A3956D46DE8}") = "Shared", "Shared", "{DE29C2C9-6CE5-4D71-8E6F-C74C4A3A2984}"
EndProject
Project("{FAE04EC0-301F-11D3-BF4B-00C04F79EFBC}") = "Api", "Bootstrapper\Api\Api.csproj", "{4DC0888F-2029-4ABD-8AC2-691EA72D0EEE}"
EndProject
Project("{2150E333-8FDC-42A3-9474-1A3956D46DE8}") = "Catalog", "Catalog", "{E83F6984-8A0D-4D4A-8761-4DBDFC75C509}"
EndProject
Project("{2150E333-8FDC-42A3-9474-1A3956D46DE8}") = "Basket", "Basket", "{71EB6915-3E12-4ECA-A3BD-FA8CF2204B06}"
EndProject
Project("{2150E333-8FDC-42A3-9474-1A3956D46DE8}") = "Ordering", "Ordering", "{668DE2ED-15F6-4690-94B9-C9374C1170B2}"
EndProject
Project("{FAE04EC0-301F-11D3-BF4B-00C04F79EFBC}") = "Catalog", "Modules\Catalog\Catalog\Catalog.csproj", "{2B5423FA-7375-432A-8897-5C3B88680C4B}"
EndProject
Project("{FAE04EC0-301F-11D3-BF4B-00C04F79EFBC}") = "Basket", "Modules\Basket\Basket\Basket.csproj", "{8C8A9EC6-32CB-4C70-8701-4A1B089636A3}"
EndProject
Project("{FAE04EC0-301F-11D3-BF4B-00C04F79EFBC}") = "Ordering", "Modules\Ordering\Ordering\Ordering.csproj", "{55876086-8834-4597-933A-F98B9AA66BA4}"
EndProject
Project("{FAE04EC0-301F-11D3-BF4B-00C04F79EFBC}") = "Shared", "Shared\Shared\Shared.csproj", "{1DC53628-BD8C-4F9D-AA6D-1005C338E6E0}"
EndProject
Project("{E53339B2-1760-4266-BCC7-CA923CBCF16C}") = "docker-compose", "docker-compose.dcproj", "{81DDED9D-158B-E303-5F62-77A2896D2A5A}"
EndProject
Project("{FAE04EC0-301F-11D3-BF4B-00C04F79EFBC}") = "Catalog.Contracts", "Modules\Catalog\Catalog.Contracts\Catalog.Contracts.csproj", "{F5493757-DE50-44C5-B822-CD6D63F5855E}"
EndProject
Project("{FAE04EC0-301F-11D3-BF4B-00C04F79EFBC}") = "Shared.Contracts", "Shared\Shared.Contracts\Shared.Contracts.csproj", "{BED831B6-B500-4D9D-AEE9-193CD4107FD0}"
EndProject
Project("{FAE04EC0-301F-11D3-BF4B-00C04F79EFBC}") = "Shared.Messaging", "Shared\Shared.Messaging\Shared.Messaging.csproj", "{0FD98815-0EFA-4EFE-B152-D314FD7747A3}"
EndProject
Global
	GlobalSection(SolutionConfigurationPlatforms) = preSolution
		Debug|Any CPU = Debug|Any CPU
		Release|Any CPU = Release|Any CPU
	EndGlobalSection
	GlobalSection(ProjectConfigurationPlatforms) = postSolution
		{4DC0888F-2029-4ABD-8AC2-691EA72D0EEE}.Debug|Any CPU.ActiveCfg = Debug|Any CPU
		{4DC0888F-2029-4ABD-8AC2-691EA72D0EEE}.Debug|Any CPU.Build.0 = Debug|Any CPU
		{4DC0888F-2029-4ABD-8AC2-691EA72D0EEE}.Release|Any CPU.ActiveCfg = Release|Any CPU
		{4DC0888F-2029-4ABD-8AC2-691EA72D0EEE}.Release|Any CPU.Build.0 = Release|Any CPU
		{2B5423FA-7375-432A-8897-5C3B88680C4B}.Debug|Any CPU.ActiveCfg = Debug|Any CPU
		{2B5423FA-7375-432A-8897-5C3B88680C4B}.Debug|Any CPU.Build.0 = Debug|Any CPU
		{2B5423FA-7375-432A-8897-5C3B88680C4B}.Release|Any CPU.ActiveCfg = Release|Any CPU
		{2B5423FA-7375-432A-8897-5C3B88680C4B}.Release|Any CPU.Build.0 = Release|Any CPU
		{8C8A9EC6-32CB-4C70-8701-4A1B089636A3}.Debug|Any CPU.ActiveCfg = Debug|Any CPU
		{8C8A9EC6-32CB-4C70-8701-4A1B089636A3}.Debug|Any CPU.Build.0 = Debug|Any CPU
		{8C8A9EC6-32CB-4C70-8701-4A1B089636A3}.Release|Any CPU.ActiveCfg = Release|Any CPU
		{8C8A9EC6-32CB-4C70-8701-4A1B089636A3}.Release|Any CPU.Build.0 = Release|Any CPU
		{55876086-8834-4597-933A-F98B9AA66BA4}.Debug|Any CPU.ActiveCfg = Debug|Any CPU
		{55876086-8834-4597-933A-F98B9AA66BA4}.Debug|Any CPU.Build.0 = Debug|Any CPU
		{55876086-8834-4597-933A-F98B9AA66BA4}.Release|Any CPU.ActiveCfg = Release|Any CPU
		{55876086-8834-4597-933A-F98B9AA66BA4}.Release|Any CPU.Build.0 = Release|Any CPU
		{1DC53628-BD8C-4F9D-AA6D-1005C338E6E0}.Debug|Any CPU.ActiveCfg = Debug|Any CPU
		{1DC53628-BD8C-4F9D-AA6D-1005C338E6E0}.Debug|Any CPU.Build.0 = Debug|Any CPU
		{1DC53628-BD8C-4F9D-AA6D-1005C338E6E0}.Release|Any CPU.ActiveCfg = Release|Any CPU
		{1DC53628-BD8C-4F9D-AA6D-1005C338E6E0}.Release|Any CPU.Build.0 = Release|Any CPU
		{81DDED9D-158B-E303-5F62-77A2896D2A5A}.Debug|Any CPU.ActiveCfg = Debug|Any CPU
		{81DDED9D-158B-E303-5F62-77A2896D2A5A}.Debug|Any CPU.Build.0 = Debug|Any CPU
		{81DDED9D-158B-E303-5F62-77A2896D2A5A}.Release|Any CPU.ActiveCfg = Release|Any CPU
		{81DDED9D-158B-E303-5F62-77A2896D2A5A}.Release|Any CPU.Build.0 = Release|Any CPU
		{F5493757-DE50-44C5-B822-CD6D63F5855E}.Debug|Any CPU.ActiveCfg = Debug|Any CPU
		{F5493757-DE50-44C5-B822-CD6D63F5855E}.Debug|Any CPU.Build.0 = Debug|Any CPU
		{F5493757-DE50-44C5-B822-CD6D63F5855E}.Release|Any CPU.ActiveCfg = Release|Any CPU
		{F5493757-DE50-44C5-B822-CD6D63F5855E}.Release|Any CPU.Build.0 = Release|Any CPU
		{BED831B6-B500-4D9D-AEE9-193CD4107FD0}.Debug|Any CPU.ActiveCfg = Debug|Any CPU
		{BED831B6-B500-4D9D-AEE9-193CD4107FD0}.Debug|Any CPU.Build.0 = Debug|Any CPU
		{BED831B6-B500-4D9D-AEE9-193CD4107FD0}.Release|Any CPU.ActiveCfg = Release|Any CPU
		{BED831B6-B500-4D9D-AEE9-193CD4107FD0}.Release|Any CPU.Build.0 = Release|Any CPU
		{0FD98815-0EFA-4EFE-B152-D314FD7747A3}.Debug|Any CPU.ActiveCfg = Debug|Any CPU
		{0FD98815-0EFA-4EFE-B152-D314FD7747A3}.Debug|Any CPU.Build.0 = Debug|Any CPU
		{0FD98815-0EFA-4EFE-B152-D314FD7747A3}.Release|Any CPU.ActiveCfg = Release|Any CPU
		{0FD98815-0EFA-4EFE-B152-D314FD7747A3}.Release|Any CPU.Build.0 = Release|Any CPU
	EndGlobalSection
	GlobalSection(SolutionProperties) = preSolution
		HideSolutionNode = FALSE
	EndGlobalSection
	GlobalSection(NestedProjects) = preSolution
		{4DC0888F-2029-4ABD-8AC2-691EA72D0EEE} = {02EA681E-C7D8-13C7-8484-4AC65E1B71E8}
		{E83F6984-8A0D-4D4A-8761-4DBDFC75C509} = {2FD50240-4A46-465C-BE78-5B2409CAE8D9}
		{71EB6915-3E12-4ECA-A3BD-FA8CF2204B06} = {2FD50240-4A46-465C-BE78-5B2409CAE8D9}
		{668DE2ED-15F6-4690-94B9-C9374C1170B2} = {2FD50240-4A46-465C-BE78-5B2409CAE8D9}
		{2B5423FA-7375-432A-8897-5C3B88680C4B} = {E83F6984-8A0D-4D4A-8761-4DBDFC75C509}
		{8C8A9EC6-32CB-4C70-8701-4A1B089636A3} = {71EB6915-3E12-4ECA-A3BD-FA8CF2204B06}
		{55876086-8834-4597-933A-F98B9AA66BA4} = {668DE2ED-15F6-4690-94B9-C9374C1170B2}
		{1DC53628-BD8C-4F9D-AA6D-1005C338E6E0} = {DE29C2C9-6CE5-4D71-8E6F-C74C4A3A2984}
		{F5493757-DE50-44C5-B822-CD6D63F5855E} = {E83F6984-8A0D-4D4A-8761-4DBDFC75C509}
		{BED831B6-B500-4D9D-AEE9-193CD4107FD0} = {DE29C2C9-6CE5-4D71-8E6F-C74C4A3A2984}
		{0FD98815-0EFA-4EFE-B152-D314FD7747A3} = {DE29C2C9-6CE5-4D71-8E6F-C74C4A3A2984}
	EndGlobalSection
	GlobalSection(ExtensibilityGlobals) = postSolution
		SolutionGuid = {36730C02-D06C-4214-855A-E172E3473735}
	EndGlobalSection
EndGlobal
